# This file is automatically @generated by Cargo.
# It is not intended for manual editing.
version = 4

[[package]]
name = "determinism-proto"
version = "0.1.0"

[[package]]
name = "obs-ingest"
version = "0.1.0"
dependencies = [
 "obs-store",
 "obs-types",
]

[[package]]
name = "obs-store"
version = "0.1.0"
dependencies = [
 "obs-types",
]

[[package]]
name = "obs-types"
version = "0.1.0"
dependencies = [
 "determinism-proto",
]

[[package]]
name = "observatoryd"
version = "0.1.0"
dependencies = [
 "obs-ingest",
 "obs-store",
]
